
Microsoft Visual Studio Solution File, Format Version 12.00
# Visual Studio Version 16
VisualStudioVersion = 16.0.30406.217
MinimumVisualStudioVersion = 10.0.40219.1
Project("{9A19103F-16F7-4668-BE54-9A1E7A4F7556}") = "eShopSolution.WebApp", "eShopSolution.WebApp\eShopSolution.WebApp.csproj", "{D7ED6FEF-73BF-4EB8-B00E-38F06FE95E60}"
EndProject
Project("{9A19103F-16F7-4668-BE54-9A1E7A4F7556}") = "eShopSolution.Data", "eShopSolution.Data\eShopSolution.Data.csproj", "{32FE2A2C-E385-4281-893A-D4FE8166C3D1}"
EndProject
Project("{9A19103F-16F7-4668-BE54-9A1E7A4F7556}") = "eShopSolution.Application", "eShopSolution.Application\eShopSolution.Application.csproj", "{7993411C-F914-48BB-A171-675B1444B390}"
EndProject
Project("{9A19103F-16F7-4668-BE54-9A1E7A4F7556}") = "eShopSolution.Utilities", "eShopSolution.Utilities\eShopSolution.Utilities.csproj", "{B0D0B61D-2124-4860-B928-352C3B6CD168}"
EndProject
Project("{FAE04EC0-301F-11D3-BF4B-00C04F79EFBC}") = "eShopSolution.ViewModels", "eShopSolution.ViewModels\eShopSolution.ViewModels.csproj", "{E0838235-5FB3-4301-9FE5-D3CD26C595E8}"
EndProject
Global
	GlobalSection(SolutionConfigurationPlatforms) = preSolution
		Debug|Any CPU = Debug|Any CPU
		Release|Any CPU = Release|Any CPU
	EndGlobalSection
	GlobalSection(ProjectConfigurationPlatforms) = postSolution
		{D7ED6FEF-73BF-4EB8-B00E-38F06FE95E60}.Debug|Any CPU.ActiveCfg = Debug|Any CPU
		{D7ED6FEF-73BF-4EB8-B00E-38F06FE95E60}.Debug|Any CPU.Build.0 = Debug|Any CPU
		{D7ED6FEF-73BF-4EB8-B00E-38F06FE95E60}.Release|Any CPU.ActiveCfg = Release|Any CPU
		{D7ED6FEF-73BF-4EB8-B00E-38F06FE95E60}.Release|Any CPU.Build.0 = Release|Any CPU
		{32FE2A2C-E385-4281-893A-D4FE8166C3D1}.Debug|Any CPU.ActiveCfg = Debug|Any CPU
		{32FE2A2C-E385-4281-893A-D4FE8166C3D1}.Debug|Any CPU.Build.0 = Debug|Any CPU
		{32FE2A2C-E385-4281-893A-D4FE8166C3D1}.Release|Any CPU.ActiveCfg = Release|Any CPU
		{32FE2A2C-E385-4281-893A-D4FE8166C3D1}.Release|Any CPU.Build.0 = Release|Any CPU
		{7993411C-F914-48BB-A171-675B1444B390}.Debug|Any CPU.ActiveCfg = Debug|Any CPU
		{7993411C-F914-48BB-A171-675B1444B390}.Debug|Any CPU.Build.0 = Debug|Any CPU
		{7993411C-F914-48BB-A171-675B1444B390}.Release|Any CPU.ActiveCfg = Release|Any CPU
		{7993411C-F914-48BB-A171-675B1444B390}.Release|Any CPU.Build.0 = Release|Any CPU
		{B0D0B61D-2124-4860-B928-352C3B6CD168}.Debug|Any CPU.ActiveCfg = Debug|Any CPU
		{B0D0B61D-2124-4860-B928-352C3B6CD168}.Debug|Any CPU.Build.0 = Debug|Any CPU
		{B0D0B61D-2124-4860-B928-352C3B6CD168}.Release|Any CPU.ActiveCfg = Release|Any CPU
		{B0D0B61D-2124-4860-B928-352C3B6CD168}.Release|Any CPU.Build.0 = Release|Any CPU
		{E0838235-5FB3-4301-9FE5-D3CD26C595E8}.Debug|Any CPU.ActiveCfg = Debug|Any CPU
		{E0838235-5FB3-4301-9FE5-D3CD26C595E8}.Debug|Any CPU.Build.0 = Debug|Any CPU
		{E0838235-5FB3-4301-9FE5-D3CD26C595E8}.Release|Any CPU.ActiveCfg = Release|Any CPU
		{E0838235-5FB3-4301-9FE5-D3CD26C595E8}.Release|Any CPU.Build.0 = Release|Any CPU
	EndGlobalSection
	GlobalSection(SolutionProperties) = preSolution
		HideSolutionNode = FALSE
	EndGlobalSection
	GlobalSection(ExtensibilityGlobals) = postSolution
		SolutionGuid = {A4788C77-1BEF-4FB6-8BED-31A24CBDED17}
	EndGlobalSection
EndGlobal
